// !$*UTF8*$!
{
	archiveVersion = 1;
	classes = {
	};
	objectVersion = 51;
	objects = {

/* Begin PBXBuildFile section */
		56A84E477AC91B5716DA6F8B /* Pods_EuroTorgTestTask.framework in Frameworks */ = {isa = PBXBuildFile; fileRef = 81E2F8FDB8C866D3CAB4ECED /* Pods_EuroTorgTestTask.framework */; };
		AB05570524D1D7CC008E7871 /* AppDelegate.swift in Sources */ = {isa = PBXBuildFile; fileRef = AB05570424D1D7CC008E7871 /* AppDelegate.swift */; };
		AB05570724D1D7CC008E7871 /* SceneDelegate.swift in Sources */ = {isa = PBXBuildFile; fileRef = AB05570624D1D7CC008E7871 /* SceneDelegate.swift */; };
		AB05570924D1D7CC008E7871 /* ViewController.swift in Sources */ = {isa = PBXBuildFile; fileRef = AB05570824D1D7CC008E7871 /* ViewController.swift */; };
		AB05570C24D1D7CC008E7871 /* Main.storyboard in Resources */ = {isa = PBXBuildFile; fileRef = AB05570A24D1D7CC008E7871 /* Main.storyboard */; };
		AB05570E24D1D7CD008E7871 /* Assets.xcassets in Resources */ = {isa = PBXBuildFile; fileRef = AB05570D24D1D7CD008E7871 /* Assets.xcassets */; };
		AB05571124D1D7CD008E7871 /* LaunchScreen.storyboard in Resources */ = {isa = PBXBuildFile; fileRef = AB05570F24D1D7CD008E7871 /* LaunchScreen.storyboard */; };
		AB05571B24D1DCBC008E7871 /* BaseModel.swift in Sources */ = {isa = PBXBuildFile; fileRef = AB05571A24D1DCBC008E7871 /* BaseModel.swift */; };
		AB05571D24D1DF92008E7871 /* RequestProvider.swift in Sources */ = {isa = PBXBuildFile; fileRef = AB05571C24D1DF92008E7871 /* RequestProvider.swift */; };
		AB05571F24D1E181008E7871 /* Constants.swift in Sources */ = {isa = PBXBuildFile; fileRef = AB05571E24D1E181008E7871 /* Constants.swift */; };
		AB05572224D1E6B7008E7871 /* NetworkManager.swift in Sources */ = {isa = PBXBuildFile; fileRef = AB05572124D1E6B7008E7871 /* NetworkManager.swift */; };
		AB6A52D524D2F1C000BD6740 /* MainViewController.swift in Sources */ = {isa = PBXBuildFile; fileRef = AB6A52D424D2F1C000BD6740 /* MainViewController.swift */; };
		AB6A52D824D2F1DE00BD6740 /* MainLayoutManager.swift in Sources */ = {isa = PBXBuildFile; fileRef = AB6A52D724D2F1DE00BD6740 /* MainLayoutManager.swift */; };
		AB6A52DB24D2F28300BD6740 /* MainTableCell.swift in Sources */ = {isa = PBXBuildFile; fileRef = AB6A52DA24D2F28300BD6740 /* MainTableCell.swift */; };
		AB6A52DD24D323D700BD6740 /* MainDataService.swift in Sources */ = {isa = PBXBuildFile; fileRef = AB6A52DC24D323D700BD6740 /* MainDataService.swift */; };
		AB6A52E724D36FB200BD6740 /* SelectLayoutManager.swift in Sources */ = {isa = PBXBuildFile; fileRef = AB6A52E624D36FB200BD6740 /* SelectLayoutManager.swift */; };
		AB6A52E924D36FD600BD6740 /* SelectViewController.swift in Sources */ = {isa = PBXBuildFile; fileRef = AB6A52E824D36FD600BD6740 /* SelectViewController.swift */; };
/* End PBXBuildFile section */

/* Begin PBXFileReference section */
		333D41996E7669910F1118D5 /* Pods-EuroTorgTestTask.release.xcconfig */ = {isa = PBXFileReference; includeInIndex = 1; lastKnownFileType = text.xcconfig; name = "Pods-EuroTorgTestTask.release.xcconfig"; path = "Target Support Files/Pods-EuroTorgTestTask/Pods-EuroTorgTestTask.release.xcconfig"; sourceTree = "<group>"; };
		81E2F8FDB8C866D3CAB4ECED /* Pods_EuroTorgTestTask.framework */ = {isa = PBXFileReference; explicitFileType = wrapper.framework; includeInIndex = 0; path = Pods_EuroTorgTestTask.framework; sourceTree = BUILT_PRODUCTS_DIR; };
		97B8A243764CFFFCA36B08EC /* Pods-EuroTorgTestTask.debug.xcconfig */ = {isa = PBXFileReference; includeInIndex = 1; lastKnownFileType = text.xcconfig; name = "Pods-EuroTorgTestTask.debug.xcconfig"; path = "Target Support Files/Pods-EuroTorgTestTask/Pods-EuroTorgTestTask.debug.xcconfig"; sourceTree = "<group>"; };
		AB05570124D1D7CC008E7871 /* EuroTorgTestTask.app */ = {isa = PBXFileReference; explicitFileType = wrapper.application; includeInIndex = 0; path = EuroTorgTestTask.app; sourceTree = BUILT_PRODUCTS_DIR; };
		AB05570424D1D7CC008E7871 /* AppDelegate.swift */ = {isa = PBXFileReference; lastKnownFileType = sourcecode.swift; path = AppDelegate.swift; sourceTree = "<group>"; };
		AB05570624D1D7CC008E7871 /* SceneDelegate.swift */ = {isa = PBXFileReference; lastKnownFileType = sourcecode.swift; path = SceneDelegate.swift; sourceTree = "<group>"; };
		AB05570824D1D7CC008E7871 /* ViewController.swift */ = {isa = PBXFileReference; lastKnownFileType = sourcecode.swift; path = ViewController.swift; sourceTree = "<group>"; };
		AB05570B24D1D7CC008E7871 /* Base */ = {isa = PBXFileReference; lastKnownFileType = file.storyboard; name = Base; path = Base.lproj/Main.storyboard; sourceTree = "<group>"; };
		AB05570D24D1D7CD008E7871 /* Assets.xcassets */ = {isa = PBXFileReference; lastKnownFileType = folder.assetcatalog; path = Assets.xcassets; sourceTree = "<group>"; };
		AB05571024D1D7CD008E7871 /* Base */ = {isa = PBXFileReference; lastKnownFileType = file.storyboard; name = Base; path = Base.lproj/LaunchScreen.storyboard; sourceTree = "<group>"; };
		AB05571224D1D7CD008E7871 /* Info.plist */ = {isa = PBXFileReference; lastKnownFileType = text.plist.xml; path = Info.plist; sourceTree = "<group>"; };
		AB05571A24D1DCBC008E7871 /* BaseModel.swift */ = {isa = PBXFileReference; lastKnownFileType = sourcecode.swift; path = BaseModel.swift; sourceTree = "<group>"; };
		AB05571C24D1DF92008E7871 /* RequestProvider.swift */ = {isa = PBXFileReference; lastKnownFileType = sourcecode.swift; path = RequestProvider.swift; sourceTree = "<group>"; };
		AB05571E24D1E181008E7871 /* Constants.swift */ = {isa = PBXFileReference; lastKnownFileType = sourcecode.swift; path = Constants.swift; sourceTree = "<group>"; };
		AB05572124D1E6B7008E7871 /* NetworkManager.swift */ = {isa = PBXFileReference; lastKnownFileType = sourcecode.swift; path = NetworkManager.swift; sourceTree = "<group>"; };
		AB6A52D424D2F1C000BD6740 /* MainViewController.swift */ = {isa = PBXFileReference; lastKnownFileType = sourcecode.swift; path = MainViewController.swift; sourceTree = "<group>"; };
		AB6A52D724D2F1DE00BD6740 /* MainLayoutManager.swift */ = {isa = PBXFileReference; lastKnownFileType = sourcecode.swift; path = MainLayoutManager.swift; sourceTree = "<group>"; };
		AB6A52DA24D2F28300BD6740 /* MainTableCell.swift */ = {isa = PBXFileReference; lastKnownFileType = sourcecode.swift; path = MainTableCell.swift; sourceTree = "<group>"; };
		AB6A52DC24D323D700BD6740 /* MainDataService.swift */ = {isa = PBXFileReference; lastKnownFileType = sourcecode.swift; path = MainDataService.swift; sourceTree = "<group>"; };
		AB6A52E624D36FB200BD6740 /* SelectLayoutManager.swift */ = {isa = PBXFileReference; lastKnownFileType = sourcecode.swift; path = SelectLayoutManager.swift; sourceTree = "<group>"; };
		AB6A52E824D36FD600BD6740 /* SelectViewController.swift */ = {isa = PBXFileReference; lastKnownFileType = sourcecode.swift; path = SelectViewController.swift; sourceTree = "<group>"; };
/* End PBXFileReference section */

/* Begin PBXFrameworksBuildPhase section */
		AB0556FE24D1D7CC008E7871 /* Frameworks */ = {
			isa = PBXFrameworksBuildPhase;
			buildActionMask = 2147483647;
			files = (
				56A84E477AC91B5716DA6F8B /* Pods_EuroTorgTestTask.framework in Frameworks */,
			);
			runOnlyForDeploymentPostprocessing = 0;
		};
/* End PBXFrameworksBuildPhase section */

/* Begin PBXGroup section */
		0307C818B7BF058DFB4E6CEA /* Frameworks */ = {
			isa = PBXGroup;
			children = (
				81E2F8FDB8C866D3CAB4ECED /* Pods_EuroTorgTestTask.framework */,
			);
			name = Frameworks;
			sourceTree = "<group>";
		};
		AB0556F824D1D7CC008E7871 = {
			isa = PBXGroup;
			children = (
				AB05570324D1D7CC008E7871 /* EuroTorgTestTask */,
				AB05570224D1D7CC008E7871 /* Products */,
				AFC06E9214C3ADF8ED7D8909 /* Pods */,
				0307C818B7BF058DFB4E6CEA /* Frameworks */,
			);
			sourceTree = "<group>";
		};
		AB05570224D1D7CC008E7871 /* Products */ = {
			isa = PBXGroup;
			children = (
				AB05570124D1D7CC008E7871 /* EuroTorgTestTask.app */,
			);
			name = Products;
			sourceTree = "<group>";
		};
		AB05570324D1D7CC008E7871 /* EuroTorgTestTask */ = {
			isa = PBXGroup;
			children = (
				AB05571E24D1E181008E7871 /* Constants.swift */,
				AB05571824D1DCA5008E7871 /* Network */,
				AB6A52D124D2F1A500BD6740 /* UI */,
				AB05570424D1D7CC008E7871 /* AppDelegate.swift */,
				AB05570624D1D7CC008E7871 /* SceneDelegate.swift */,
				AB05570824D1D7CC008E7871 /* ViewController.swift */,
				AB05570A24D1D7CC008E7871 /* Main.storyboard */,
				AB05570D24D1D7CD008E7871 /* Assets.xcassets */,
				AB05570F24D1D7CD008E7871 /* LaunchScreen.storyboard */,
				AB05571224D1D7CD008E7871 /* Info.plist */,
			);
			path = EuroTorgTestTask;
			sourceTree = "<group>";
		};
		AB05571824D1DCA5008E7871 /* Network */ = {
			isa = PBXGroup;
			children = (
				AB05571924D1DCAB008E7871 /* Models */,
				AB05571C24D1DF92008E7871 /* RequestProvider.swift */,
				AB05572124D1E6B7008E7871 /* NetworkManager.swift */,
			);
			path = Network;
			sourceTree = "<group>";
		};
		AB05571924D1DCAB008E7871 /* Models */ = {
			isa = PBXGroup;
			children = (
				AB05571A24D1DCBC008E7871 /* BaseModel.swift */,
			);
			path = Models;
			sourceTree = "<group>";
		};
		AB6A52D124D2F1A500BD6740 /* UI */ = {
			isa = PBXGroup;
			children = (
				AB6A52E324D36F8A00BD6740 /* SelectTypeVC */,
				AB6A52D224D2F1AC00BD6740 /* MainVC */,
			);
			path = UI;
			sourceTree = "<group>";
		};
		AB6A52D224D2F1AC00BD6740 /* MainVC */ = {
			isa = PBXGroup;
			children = (
				AB6A52D924D2F26E00BD6740 /* Cell */,
				AB6A52D624D2F1D000BD6740 /* Managers */,
				AB6A52D324D2F1B000BD6740 /* ViewController */,
			);
			path = MainVC;
			sourceTree = "<group>";
		};
		AB6A52D324D2F1B000BD6740 /* ViewController */ = {
			isa = PBXGroup;
			children = (
				AB6A52D424D2F1C000BD6740 /* MainViewController.swift */,
			);
			path = ViewController;
			sourceTree = "<group>";
		};
		AB6A52D624D2F1D000BD6740 /* Managers */ = {
			isa = PBXGroup;
			children = (
				AB6A52D724D2F1DE00BD6740 /* MainLayoutManager.swift */,
				AB6A52DC24D323D700BD6740 /* MainDataService.swift */,
			);
			path = Managers;
			sourceTree = "<group>";
		};
		AB6A52D924D2F26E00BD6740 /* Cell */ = {
			isa = PBXGroup;
			children = (
				AB6A52DA24D2F28300BD6740 /* MainTableCell.swift */,
			);
			path = Cell;
			sourceTree = "<group>";
		};
		AB6A52E324D36F8A00BD6740 /* SelectTypeVC */ = {
			isa = PBXGroup;
			children = (
				AB6A52E524D36F9C00BD6740 /* Managers */,
				AB6A52E424D36F9500BD6740 /* ViewController */,
			);
			path = SelectTypeVC;
			sourceTree = "<group>";
		};
		AB6A52E424D36F9500BD6740 /* ViewController */ = {
			isa = PBXGroup;
			children = (
				AB6A52E824D36FD600BD6740 /* SelectViewController.swift */,
			);
			path = ViewController;
			sourceTree = "<group>";
		};
		AB6A52E524D36F9C00BD6740 /* Managers */ = {
			isa = PBXGroup;
			children = (
				AB6A52E624D36FB200BD6740 /* SelectLayoutManager.swift */,
			);
			path = Managers;
			sourceTree = "<group>";
		};
		AFC06E9214C3ADF8ED7D8909 /* Pods */ = {
			isa = PBXGroup;
			children = (
				97B8A243764CFFFCA36B08EC /* Pods-EuroTorgTestTask.debug.xcconfig */,
				333D41996E7669910F1118D5 /* Pods-EuroTorgTestTask.release.xcconfig */,
			);
			path = Pods;
			sourceTree = "<group>";
		};
/* End PBXGroup section */

/* Begin PBXNativeTarget section */
		AB05570024D1D7CC008E7871 /* EuroTorgTestTask */ = {
			isa = PBXNativeTarget;
			buildConfigurationList = AB05571524D1D7CD008E7871 /* Build configuration list for PBXNativeTarget "EuroTorgTestTask" */;
			buildPhases = (
				0C4B9974B026315B3E2CDF41 /* [CP] Check Pods Manifest.lock */,
				AB0556FD24D1D7CC008E7871 /* Sources */,
				AB0556FE24D1D7CC008E7871 /* Frameworks */,
				AB0556FF24D1D7CC008E7871 /* Resources */,
				D3174C4F9C39C9D9B0335221 /* [CP] Embed Pods Frameworks */,
			);
			buildRules = (
			);
			dependencies = (
			);
			name = EuroTorgTestTask;
			productName = EuroTorgTestTask;
			productReference = AB05570124D1D7CC008E7871 /* EuroTorgTestTask.app */;
			productType = "com.apple.product-type.application";
		};
/* End PBXNativeTarget section */

/* Begin PBXProject section */
		AB0556F924D1D7CC008E7871 /* Project object */ = {
			isa = PBXProject;
			attributes = {
				LastSwiftUpdateCheck = 1160;
				LastUpgradeCheck = 1160;
				ORGANIZATIONNAME = "Ivan Apet";
				TargetAttributes = {
					AB05570024D1D7CC008E7871 = {
						CreatedOnToolsVersion = 11.6;
					};
				};
			};
			buildConfigurationList = AB0556FC24D1D7CC008E7871 /* Build configuration list for PBXProject "EuroTorgTestTask" */;
			compatibilityVersion = "Xcode 9.3";
			developmentRegion = en;
			hasScannedForEncodings = 0;
			knownRegions = (
				en,
				Base,
			);
			mainGroup = AB0556F824D1D7CC008E7871;
			productRefGroup = AB05570224D1D7CC008E7871 /* Products */;
			projectDirPath = "";
			projectRoot = "";
			targets = (
				AB05570024D1D7CC008E7871 /* EuroTorgTestTask */,
			);
		};
/* End PBXProject section */

/* Begin PBXResourcesBuildPhase section */
		AB0556FF24D1D7CC008E7871 /* Resources */ = {
			isa = PBXResourcesBuildPhase;
			buildActionMask = 2147483647;
			files = (
				AB05571124D1D7CD008E7871 /* LaunchScreen.storyboard in Resources */,
				AB05570E24D1D7CD008E7871 /* Assets.xcassets in Resources */,
				AB05570C24D1D7CC008E7871 /* Main.storyboard in Resources */,
			);
			runOnlyForDeploymentPostprocessing = 0;
		};
/* End PBXResourcesBuildPhase section */

/* Begin PBXShellScriptBuildPhase section */
		0C4B9974B026315B3E2CDF41 /* [CP] Check Pods Manifest.lock */ = {
			isa = PBXShellScriptBuildPhase;
			buildActionMask = 2147483647;
			files = (
			);
			inputFileListPaths = (
			);
			inputPaths = (
				"${PODS_PODFILE_DIR_PATH}/Podfile.lock",
				"${PODS_ROOT}/Manifest.lock",
			);
			name = "[CP] Check Pods Manifest.lock";
			outputFileListPaths = (
			);
			outputPaths = (
				"$(DERIVED_FILE_DIR)/Pods-EuroTorgTestTask-checkManifestLockResult.txt",
			);
			runOnlyForDeploymentPostprocessing = 0;
			shellPath = /bin/sh;
			shellScript = "diff \"${PODS_PODFILE_DIR_PATH}/Podfile.lock\" \"${PODS_ROOT}/Manifest.lock\" > /dev/null\nif [ $? != 0 ] ; then\n    # print error to STDERR\n    echo \"error: The sandbox is not in sync with the Podfile.lock. Run 'pod install' or update your CocoaPods installation.\" >&2\n    exit 1\nfi\n# This output is used by Xcode 'outputs' to avoid re-running this script phase.\necho \"SUCCESS\" > \"${SCRIPT_OUTPUT_FILE_0}\"\n";
			showEnvVarsInLog = 0;
		};
		D3174C4F9C39C9D9B0335221 /* [CP] Embed Pods Frameworks */ = {
			isa = PBXShellScriptBuildPhase;
			buildActionMask = 2147483647;
			files = (
			);
			inputFileListPaths = (
				"${PODS_ROOT}/Target Support Files/Pods-EuroTorgTestTask/Pods-EuroTorgTestTask-frameworks-${CONFIGURATION}-input-files.xcfilelist",
			);
			name = "[CP] Embed Pods Frameworks";
			outputFileListPaths = (
				"${PODS_ROOT}/Target Support Files/Pods-EuroTorgTestTask/Pods-EuroTorgTestTask-frameworks-${CONFIGURATION}-output-files.xcfilelist",
			);
			runOnlyForDeploymentPostprocessing = 0;
			shellPath = /bin/sh;
			shellScript = "\"${PODS_ROOT}/Target Support Files/Pods-EuroTorgTestTask/Pods-EuroTorgTestTask-frameworks.sh\"\n";
			showEnvVarsInLog = 0;
		};
/* End PBXShellScriptBuildPhase section */

/* Begin PBXSourcesBuildPhase section */
		AB0556FD24D1D7CC008E7871 /* Sources */ = {
			isa = PBXSourcesBuildPhase;
			buildActionMask = 2147483647;
			files = (
				AB05570924D1D7CC008E7871 /* ViewController.swift in Sources */,
				AB6A52E724D36FB200BD6740 /* SelectLayoutManager.swift in Sources */,
				AB05571D24D1DF92008E7871 /* RequestProvider.swift in Sources */,
				AB05570524D1D7CC008E7871 /* AppDelegate.swift in Sources */,
				AB05572224D1E6B7008E7871 /* NetworkManager.swift in Sources */,
				AB05571B24D1DCBC008E7871 /* BaseModel.swift in Sources */,
				AB6A52DD24D323D700BD6740 /* MainDataService.swift in Sources */,
				AB6A52DB24D2F28300BD6740 /* MainTableCell.swift in Sources */,
				AB05570724D1D7CC008E7871 /* SceneDelegate.swift in Sources */,
				AB6A52E924D36FD600BD6740 /* SelectViewController.swift in Sources */,
				AB05571F24D1E181008E7871 /* Constants.swift in Sources */,
				AB6A52D824D2F1DE00BD6740 /* MainLayoutManager.swift in Sources */,
				AB6A52D524D2F1C000BD6740 /* MainViewController.swift in Sources */,
			);
			runOnlyForDeploymentPostprocessing = 0;
		};
/* End PBXSourcesBuildPhase section */

/* Begin PBXVariantGroup section */
		AB05570A24D1D7CC008E7871 /* Main.storyboard */ = {
			isa = PBXVariantGroup;
			children = (
				AB05570B24D1D7CC008E7871 /* Base */,
			);
			name = Main.storyboard;
			sourceTree = "<group>";
		};
		AB05570F24D1D7CD008E7871 /* LaunchScreen.storyboard */ = {
			isa = PBXVariantGroup;
			children = (
				AB05571024D1D7CD008E7871 /* Base */,
			);
			name = LaunchScreen.storyboard;
			sourceTree = "<group>";
		};
/* End PBXVariantGroup section */

/* Begin XCBuildConfiguration section */
		AB05571324D1D7CD008E7871 /* Debug */ = {
			isa = XCBuildConfiguration;
			buildSettings = {
				ALWAYS_SEARCH_USER_PATHS = NO;
				CLANG_ANALYZER_NONNULL = YES;
				CLANG_ANALYZER_NUMBER_OBJECT_CONVERSION = YES_AGGRESSIVE;
				CLANG_CXX_LANGUAGE_STANDARD = "gnu++14";
				CLANG_CXX_LIBRARY = "libc++";
				CLANG_ENABLE_MODULES = YES;
				CLANG_ENABLE_OBJC_ARC = YES;
				CLANG_ENABLE_OBJC_WEAK = YES;
				CLANG_WARN_BLOCK_CAPTURE_AUTORELEASING = YES;
				CLANG_WARN_BOOL_CONVERSION = YES;
				CLANG_WARN_COMMA = YES;
				CLANG_WARN_CONSTANT_CONVERSION = YES;
				CLANG_WARN_DEPRECATED_OBJC_IMPLEMENTATIONS = YES;
				CLANG_WARN_DIRECT_OBJC_ISA_USAGE = YES_ERROR;
				CLANG_WARN_DOCUMENTATION_COMMENTS = YES;
				CLANG_WARN_EMPTY_BODY = YES;
				CLANG_WARN_ENUM_CONVERSION = YES;
				CLANG_WARN_INFINITE_RECURSION = YES;
				CLANG_WARN_INT_CONVERSION = YES;
				CLANG_WARN_NON_LITERAL_NULL_CONVERSION = YES;
				CLANG_WARN_OBJC_IMPLICIT_RETAIN_SELF = YES;
				CLANG_WARN_OBJC_LITERAL_CONVERSION = YES;
				CLANG_WARN_OBJC_ROOT_CLASS = YES_ERROR;
				CLANG_WARN_RANGE_LOOP_ANALYSIS = YES;
				CLANG_WARN_STRICT_PROTOTYPES = YES;
				CLANG_WARN_SUSPICIOUS_MOVE = YES;
				CLANG_WARN_UNGUARDED_AVAILABILITY = YES_AGGRESSIVE;
				CLANG_WARN_UNREACHABLE_CODE = YES;
				CLANG_WARN__DUPLICATE_METHOD_MATCH = YES;
				COPY_PHASE_STRIP = NO;
				DEBUG_INFORMATION_FORMAT = dwarf;
				ENABLE_STRICT_OBJC_MSGSEND = YES;
				ENABLE_TESTABILITY = YES;
				GCC_C_LANGUAGE_STANDARD = gnu11;
				GCC_DYNAMIC_NO_PIC = NO;
				GCC_NO_COMMON_BLOCKS = YES;
				GCC_OPTIMIZATION_LEVEL = 0;
				GCC_PREPROCESSOR_DEFINITIONS = (
					"DEBUG=1",
					"$(inherited)",
				);
				GCC_WARN_64_TO_32_BIT_CONVERSION = YES;
				GCC_WARN_ABOUT_RETURN_TYPE = YES_ERROR;
				GCC_WARN_UNDECLARED_SELECTOR = YES;
				GCC_WARN_UNINITIALIZED_AUTOS = YES_AGGRESSIVE;
				GCC_WARN_UNUSED_FUNCTION = YES;
				GCC_WARN_UNUSED_VARIABLE = YES;
				IPHONEOS_DEPLOYMENT_TARGET = 13.6;
				MTL_ENABLE_DEBUG_INFO = INCLUDE_SOURCE;
				MTL_FAST_MATH = YES;
				ONLY_ACTIVE_ARCH = YES;
				SDKROOT = iphoneos;
				SWIFT_ACTIVE_COMPILATION_CONDITIONS = DEBUG;
				SWIFT_OPTIMIZATION_LEVEL = "-Onone";
			};
			name = Debug;
		};
		AB05571424D1D7CD008E7871 /* Release */ = {
			isa = XCBuildConfiguration;
			buildSettings = {
				ALWAYS_SEARCH_USER_PATHS = NO;
				CLANG_ANALYZER_NONNULL = YES;
				CLANG_ANALYZER_NUMBER_OBJECT_CONVERSION = YES_AGGRESSIVE;
				CLANG_CXX_LANGUAGE_STANDARD = "gnu++14";
				CLANG_CXX_LIBRARY = "libc++";
				CLANG_ENABLE_MODULES = YES;
				CLANG_ENABLE_OBJC_ARC = YES;
				CLANG_ENABLE_OBJC_WEAK = YES;
				CLANG_WARN_BLOCK_CAPTURE_AUTORELEASING = YES;
				CLANG_WARN_BOOL_CONVERSION = YES;
				CLANG_WARN_COMMA = YES;
				CLANG_WARN_CONSTANT_CONVERSION = YES;
				CLANG_WARN_DEPRECATED_OBJC_IMPLEMENTATIONS = YES;
				CLANG_WARN_DIRECT_OBJC_ISA_USAGE = YES_ERROR;
				CLANG_WARN_DOCUMENTATION_COMMENTS = YES;
				CLANG_WARN_EMPTY_BODY = YES;
				CLANG_WARN_ENUM_CONVERSION = YES;
				CLANG_WARN_INFINITE_RECURSION = YES;
				CLANG_WARN_INT_CONVERSION = YES;
				CLANG_WARN_NON_LITERAL_NULL_CONVERSION = YES;
				CLANG_WARN_OBJC_IMPLICIT_RETAIN_SELF = YES;
				CLANG_WARN_OBJC_LITERAL_CONVERSION = YES;
				CLANG_WARN_OBJC_ROOT_CLASS = YES_ERROR;
				CLANG_WARN_RANGE_LOOP_ANALYSIS = YES;
				CLANG_WARN_STRICT_PROTOTYPES = YES;
				CLANG_WARN_SUSPICIOUS_MOVE = YES;
				CLANG_WARN_UNGUARDED_AVAILABILITY = YES_AGGRESSIVE;
				CLANG_WARN_UNREACHABLE_CODE = YES;
				CLANG_WARN__DUPLICATE_METHOD_MATCH = YES;
				COPY_PHASE_STRIP = NO;
				DEBUG_INFORMATION_FORMAT = "dwarf-with-dsym";
				ENABLE_NS_ASSERTIONS = NO;
				ENABLE_STRICT_OBJC_MSGSEND = YES;
				GCC_C_LANGUAGE_STANDARD = gnu11;
				GCC_NO_COMMON_BLOCKS = YES;
				GCC_WARN_64_TO_32_BIT_CONVERSION = YES;
				GCC_WARN_ABOUT_RETURN_TYPE = YES_ERROR;
				GCC_WARN_UNDECLARED_SELECTOR = YES;
				GCC_WARN_UNINITIALIZED_AUTOS = YES_AGGRESSIVE;
				GCC_WARN_UNUSED_FUNCTION = YES;
				GCC_WARN_UNUSED_VARIABLE = YES;
				IPHONEOS_DEPLOYMENT_TARGET = 13.6;
				MTL_ENABLE_DEBUG_INFO = NO;
				MTL_FAST_MATH = YES;
				SDKROOT = iphoneos;
				SWIFT_COMPILATION_MODE = wholemodule;
				SWIFT_OPTIMIZATION_LEVEL = "-O";
				VALIDATE_PRODUCT = YES;
			};
			name = Release;
		};
		AB05571624D1D7CD008E7871 /* Debug */ = {
			isa = XCBuildConfiguration;
			baseConfigurationReference = 97B8A243764CFFFCA36B08EC /* Pods-EuroTorgTestTask.debug.xcconfig */;
			buildSettings = {
				ASSETCATALOG_COMPILER_APPICON_NAME = AppIcon;
				CODE_SIGN_STYLE = Automatic;
				DEVELOPMENT_TEAM = GG9HQ29SNT;
				INFOPLIST_FILE = EuroTorgTestTask/Info.plist;
				LD_RUNPATH_SEARCH_PATHS = (
					"$(inherited)",
					"@executable_path/Frameworks",
				);
				PRODUCT_BUNDLE_IDENTIFIER = com.ivanApet.EuroTorgTestTask;
				PRODUCT_NAME = "$(TARGET_NAME)";
				SWIFT_VERSION = 5.0;
				TARGETED_DEVICE_FAMILY = 1;
			};
			name = Debug;
		};
		AB05571724D1D7CD008E7871 /* Release */ = {
			isa = XCBuildConfiguration;
			baseConfigurationReference = 333D41996E7669910F1118D5 /* Pods-EuroTorgTestTask.release.xcconfig */;
			buildSettings = {
				ASSETCATALOG_COMPILER_APPICON_NAME = AppIcon;
				CODE_SIGN_STYLE = Automatic;
				DEVELOPMENT_TEAM = GG9HQ29SNT;
				INFOPLIST_FILE = EuroTorgTestTask/Info.plist;
				LD_RUNPATH_SEARCH_PATHS = (
					"$(inherited)",
					"@executable_path/Frameworks",
				);
				PRODUCT_BUNDLE_IDENTIFIER = com.ivanApet.EuroTorgTestTask;
				PRODUCT_NAME = "$(TARGET_NAME)";
				SWIFT_VERSION = 5.0;
				TARGETED_DEVICE_FAMILY = 1;
			};
			name = Release;
		};
/* End XCBuildConfiguration section */

/* Begin XCConfigurationList section */
		AB0556FC24D1D7CC008E7871 /* Build configuration list for PBXProject "EuroTorgTestTask" */ = {
			isa = XCConfigurationList;
			buildConfigurations = (
				AB05571324D1D7CD008E7871 /* Debug */,
				AB05571424D1D7CD008E7871 /* Release */,
			);
			defaultConfigurationIsVisible = 0;
			defaultConfigurationName = Release;
		};
		AB05571524D1D7CD008E7871 /* Build configuration list for PBXNativeTarget "EuroTorgTestTask" */ = {
			isa = XCConfigurationList;
			buildConfigurations = (
				AB05571624D1D7CD008E7871 /* Debug */,
				AB05571724D1D7CD008E7871 /* Release */,
			);
			defaultConfigurationIsVisible = 0;
			defaultConfigurationName = Release;
		};
/* End XCConfigurationList section */
	};
	rootObject = AB0556F924D1D7CC008E7871 /* Project object */;
}
